Microsoft Visual Studio Solution File, Format Version 12.00
# Visual Studio Version 17
VisualStudioVersion = 17.13.35913.81
MinimumVisualStudioVersion = 10.0.40219.1
Project("{FAE04EC0-301F-11D3-BF4B-00C04F79EFBC}") = "SimpleGame", "SimpleGame.csproj", "{AC415E01-5E95-404E-BED6-0C502AEF659E}"
EndProject
Global
	GlobalSection(SolutionConfigurationPlatforms) = preSolution
		Debug|Any CPU = Debug|Any CPU
		Release|Any CPU = Release|Any CPU
	EndGlobalSection
	GlobalSection(ProjectConfigurationPlatforms) = postSolution
		{AC415E01-5E95-404E-BED6-0C502AEF659E}.Debug|Any CPU.ActiveCfg = Debug|Any CPU
		{AC415E01-5E95-404E-BED6-0C502AEF659E}.Debug|Any CPU.Build.0 = Debug|Any CPU
		{AC415E01-5E95-404E-BED6-0C502AEF659E}.Release|Any CPU.ActiveCfg = Release|Any CPU
		{AC415E01-5E95-404E-BED6-0C502AEF659E}.Release|Any CPU.Build.0 = Release|Any CPU
	EndGlobalSection
	GlobalSection(SolutionProperties) = preSolution
		HideSolutionNode = FALSE
	EndGlobalSection
	GlobalSection(ExtensibilityGlobals) = postSolution
		SolutionGuid = {91D47F5A-3CCF-44E6-9DCE-BFB551ABCBAF}
	EndGlobalSection
EndGlobal
